
Microsoft Visual Studio Solution File, Format Version 11.00
# Visual C++ Express 2010
Project("{8BC9CEB8-8B4A-11D0-8D11-00A0C91BC942}") = "renderer", "renderer.vcxproj", "{0AB2B455-9E92-74F9-5935-0789BA6192BC}"
EndProject
Global
	GlobalSection(SolutionConfigurationPlatforms) = preSolution
		Debug|Win32 = Debug|Win32
		FinalBuild|Win32 = FinalBuild|Win32
		Release|Win32 = Release|Win32
		Template|Win32 = Template|Win32
	EndGlobalSection
	GlobalSection(ProjectConfigurationPlatforms) = postSolution
		{0AB2B455-9E92-74F9-5935-0789BA6192BC}.Debug|Win32.ActiveCfg = Debug|Win32
		{0AB2B455-9E92-74F9-5935-0789BA6192BC}.Debug|Win32.Build.0 = Debug|Win32
		{0AB2B455-9E92-74F9-5935-0789BA6192BC}.FinalBuild|Win32.ActiveCfg = FinalBuild|Win32
		{0AB2B455-9E92-74F9-5935-0789BA6192BC}.FinalBuild|Win32.Build.0 = FinalBuild|Win32
		{0AB2B455-9E92-74F9-5935-0789BA6192BC}.Release|Win32.ActiveCfg = Release|Win32
		{0AB2B455-9E92-74F9-5935-0789BA6192BC}.Release|Win32.Build.0 = Release|Win32
		{0AB2B455-9E92-74F9-5935-0789BA6192BC}.Template|Win32.ActiveCfg = Template|Win32
		{0AB2B455-9E92-74F9-5935-0789BA6192BC}.Template|Win32.Build.0 = Template|Win32
	EndGlobalSection
	GlobalSection(SolutionProperties) = preSolution
		HideSolutionNode = FALSE
	EndGlobalSection
EndGlobal
