<?xml version="1.0" encoding="utf-8"?>
<Project ToolsVersion="4.0" xmlns="http://schemas.microsoft.com/developer/msbuild/2003">
  <ItemGroup>
    <Filter Include="Source Files">
      <UniqueIdentifier>{044cb45b-970a-41a9-b0fb-87285f5139a4}</UniqueIdentifier>
      <Extensions>cpp;c;cxx;rc;def;r;odl;idl;hpj;bat;for;f90</Extensions>
    </Filter>
    <Filter Include="Header Files">
      <UniqueIdentifier>{765519c6-04ae-4a6a-b839-5011018bd96e}</UniqueIdentifier>
      <Extensions>h;hpp;hxx;hm;inl;fi;fd</Extensions>
    </Filter>
    <Filter Include="Resource Files">
      <UniqueIdentifier>{9d3b2cbf-dbdf-4830-9076-2b9507bda39a}</UniqueIdentifier>
      <Extensions>ico;cur;bmp;dlg;rc2;rct;bin;cnt;rtf;gif;jpg;jpeg;jpe</Extensions>
    </Filter>
  </ItemGroup>
  <ItemGroup>
    <ClCompile Include="arg.c">
      <Filter>Source Files</Filter>
    </ClCompile>
    <ClCompile Include="bin.c">
      <Filter>Source Files</Filter>
    </ClCompile>
    <ClCompile Include="tag.c">
      <Filter>Source Files</Filter>
    </ClCompile>
  </ItemGroup>
  <ItemGroup>
    <ClInclude Include="arg.h">
      <Filter>Header Files</Filter>
    </ClInclude>
    <ClInclude Include="bin.h">
      <Filter>Header Files</Filter>
    </ClInclude>
    <ClInclude Include="sdsc.h">
      <Filter>Header Files</Filter>
    </ClInclude>
    <ClInclude Include="sdscconfig.h">
      <Filter>Header Files</Filter>
    </ClInclude>
    <ClInclude Include="sdsccopyright.h">
      <Filter>Header Files</Filter>
    </ClInclude>
    <ClInclude Include="tag.h">
      <Filter>Header Files</Filter>
    </ClInclude>
  </ItemGroup>
</Project>