Microsoft Visual Studio Solution File, Format Version 12.00
# Visual Studio Express 2012 for Windows Desktop
Project("{8BC9CEB8-8B4A-11D0-8D11-00A0C91BC942}") = "cgame_ja_mp", "cgame\JK2_cgame.vcxproj", "{5276801D-6643-4DB8-89C6-158596A1FFE2}"
EndProject
Project("{8BC9CEB8-8B4A-11D0-8D11-00A0C91BC942}") = "game_ja_mp", "game\JK2_game.vcxproj", "{830B5A34-71EA-1514-3E04-B83D9389E0E6}"
EndProject
Project("{8BC9CEB8-8B4A-11D0-8D11-00A0C91BC942}") = "engine_ja_ded", "WinDed.vcxproj", "{B54CDE7A-09E0-F73D-C215-F43ED48AE206}"
EndProject
Project("{8BC9CEB8-8B4A-11D0-8D11-00A0C91BC942}") = "engine_ja_mp", "jk2mp.vcxproj", "{33F0A841-5E00-10AF-B1FE-E1CE6E715873}"
EndProject
Project("{8BC9CEB8-8B4A-11D0-8D11-00A0C91BC942}") = "ui_ja_mp", "ui\ui.vcxproj", "{B657A935-AD89-96FF-D5EC-0B99CC3B0BFF}"
EndProject
Global
	GlobalSection(SolutionConfigurationPlatforms) = preSolution
		Debug|Win32 = Debug|Win32
		Release|Win32 = Release|Win32
	EndGlobalSection
	GlobalSection(ProjectConfigurationPlatforms) = postSolution
		{5276801D-6643-4DB8-89C6-158596A1FFE2}.Debug|Win32.ActiveCfg = Debug|Win32
		{5276801D-6643-4DB8-89C6-158596A1FFE2}.Debug|Win32.Build.0 = Debug|Win32
		{5276801D-6643-4DB8-89C6-158596A1FFE2}.Release|Win32.ActiveCfg = Release|Win32
		{5276801D-6643-4DB8-89C6-158596A1FFE2}.Release|Win32.Build.0 = Release|Win32
		{830B5A34-71EA-1514-3E04-B83D9389E0E6}.Debug|Win32.ActiveCfg = Debug|Win32
		{830B5A34-71EA-1514-3E04-B83D9389E0E6}.Debug|Win32.Build.0 = Debug|Win32
		{830B5A34-71EA-1514-3E04-B83D9389E0E6}.Release|Win32.ActiveCfg = Release|Win32
		{830B5A34-71EA-1514-3E04-B83D9389E0E6}.Release|Win32.Build.0 = Release|Win32
		{B54CDE7A-09E0-F73D-C215-F43ED48AE206}.Debug|Win32.ActiveCfg = Debug|Win32
		{B54CDE7A-09E0-F73D-C215-F43ED48AE206}.Debug|Win32.Build.0 = Debug|Win32
		{B54CDE7A-09E0-F73D-C215-F43ED48AE206}.Release|Win32.ActiveCfg = Release|Win32
		{B54CDE7A-09E0-F73D-C215-F43ED48AE206}.Release|Win32.Build.0 = Release|Win32
		{33F0A841-5E00-10AF-B1FE-E1CE6E715873}.Debug|Win32.ActiveCfg = Debug|Win32
		{33F0A841-5E00-10AF-B1FE-E1CE6E715873}.Debug|Win32.Build.0 = Debug|Win32
		{33F0A841-5E00-10AF-B1FE-E1CE6E715873}.Release|Win32.ActiveCfg = Release|Win32
		{33F0A841-5E00-10AF-B1FE-E1CE6E715873}.Release|Win32.Build.0 = Release|Win32
		{B657A935-AD89-96FF-D5EC-0B99CC3B0BFF}.Debug|Win32.ActiveCfg = Debug|Win32
		{B657A935-AD89-96FF-D5EC-0B99CC3B0BFF}.Debug|Win32.Build.0 = Debug|Win32
		{B657A935-AD89-96FF-D5EC-0B99CC3B0BFF}.Release|Win32.ActiveCfg = Release|Win32
		{B657A935-AD89-96FF-D5EC-0B99CC3B0BFF}.Release|Win32.Build.0 = Release|Win32
	EndGlobalSection
	GlobalSection(SolutionProperties) = preSolution
		HideSolutionNode = FALSE
	EndGlobalSection
	GlobalSection(DevPartner) = postSolution
	EndGlobalSection
EndGlobal
