
Microsoft Visual Studio Solution File, Format Version 11.00
# Visual C++ Express 2010
Project("{8BC9CEB8-8B4A-11D0-8D11-00A0C91BC942}") = "JK2cgame", "cgame\JK2_cgame.vcxproj", "{D3AA1889-116D-1407-CC71-CB11243A50E3}"
EndProject
Project("{8BC9CEB8-8B4A-11D0-8D11-00A0C91BC942}") = "JK2game", "game\JK2_game.vcxproj", "{9D93A1E8-B40D-A721-466F-19C306AB2CD7}"
EndProject
Project("{8BC9CEB8-8B4A-11D0-8D11-00A0C91BC942}") = "WinDed", "WinDed.vcxproj", "{9B26ADF0-9373-E9B6-16AA-73CC5A1CABB5}"
EndProject
Project("{8BC9CEB8-8B4A-11D0-8D11-00A0C91BC942}") = "botlib", "botlib\botlib.vcxproj", "{9DE22CC7-0C28-4DD0-D549-FACE1BA86C33}"
EndProject
Project("{8BC9CEB8-8B4A-11D0-8D11-00A0C91BC942}") = "jk2mp", "jk2mp.vcxproj", "{CB7FC30B-F481-4F02-768F-43CD8815D75D}"
	ProjectSection(ProjectDependencies) = postProject
		{9DE22CC7-0C28-4DD0-D549-FACE1BA86C33} = {9DE22CC7-0C28-4DD0-D549-FACE1BA86C33}
		{C21130B6-ACAB-D78C-B13F-2F99A28F686A} = {C21130B6-ACAB-D78C-B13F-2F99A28F686A}
		{D3AA1889-116D-1407-CC71-CB11243A50E3} = {D3AA1889-116D-1407-CC71-CB11243A50E3}
		{9D93A1E8-B40D-A721-466F-19C306AB2CD7} = {9D93A1E8-B40D-A721-466F-19C306AB2CD7}
	EndProjectSection
EndProject
Project("{8BC9CEB8-8B4A-11D0-8D11-00A0C91BC942}") = "ui", "ui\ui.vcxproj", "{C21130B6-ACAB-D78C-B13F-2F99A28F686A}"
EndProject
Global
	GlobalSection(SolutionConfigurationPlatforms) = preSolution
		Debug JK2|Win32 = Debug JK2|Win32
		Debug|Win32 = Debug|Win32
		Final JK2|Win32 = Final JK2|Win32
		Release JK2|Win32 = Release JK2|Win32
		Release|Win32 = Release|Win32
		Template|Win32 = Template|Win32
	EndGlobalSection
	GlobalSection(ProjectConfigurationPlatforms) = postSolution
		{D3AA1889-116D-1407-CC71-CB11243A50E3}.Debug JK2|Win32.ActiveCfg = Debug JK2|Win32
		{D3AA1889-116D-1407-CC71-CB11243A50E3}.Debug JK2|Win32.Build.0 = Debug JK2|Win32
		{D3AA1889-116D-1407-CC71-CB11243A50E3}.Debug|Win32.ActiveCfg = Debug JK2|Win32
		{D3AA1889-116D-1407-CC71-CB11243A50E3}.Debug|Win32.Build.0 = Debug JK2|Win32
		{D3AA1889-116D-1407-CC71-CB11243A50E3}.Final JK2|Win32.ActiveCfg = Final JK2|Win32
		{D3AA1889-116D-1407-CC71-CB11243A50E3}.Final JK2|Win32.Build.0 = Final JK2|Win32
		{D3AA1889-116D-1407-CC71-CB11243A50E3}.Release JK2|Win32.ActiveCfg = Release JK2|Win32
		{D3AA1889-116D-1407-CC71-CB11243A50E3}.Release JK2|Win32.Build.0 = Release JK2|Win32
		{D3AA1889-116D-1407-CC71-CB11243A50E3}.Release|Win32.ActiveCfg = Release JK2|Win32
		{D3AA1889-116D-1407-CC71-CB11243A50E3}.Release|Win32.Build.0 = Release JK2|Win32
		{D3AA1889-116D-1407-CC71-CB11243A50E3}.Template|Win32.ActiveCfg = Template|Win32
		{D3AA1889-116D-1407-CC71-CB11243A50E3}.Template|Win32.Build.0 = Template|Win32
		{9D93A1E8-B40D-A721-466F-19C306AB2CD7}.Debug JK2|Win32.ActiveCfg = Debug JK2|Win32
		{9D93A1E8-B40D-A721-466F-19C306AB2CD7}.Debug JK2|Win32.Build.0 = Debug JK2|Win32
		{9D93A1E8-B40D-A721-466F-19C306AB2CD7}.Debug|Win32.ActiveCfg = Debug JK2|Win32
		{9D93A1E8-B40D-A721-466F-19C306AB2CD7}.Debug|Win32.Build.0 = Debug JK2|Win32
		{9D93A1E8-B40D-A721-466F-19C306AB2CD7}.Final JK2|Win32.ActiveCfg = Final JK2|Win32
		{9D93A1E8-B40D-A721-466F-19C306AB2CD7}.Final JK2|Win32.Build.0 = Final JK2|Win32
		{9D93A1E8-B40D-A721-466F-19C306AB2CD7}.Release JK2|Win32.ActiveCfg = Release JK2|Win32
		{9D93A1E8-B40D-A721-466F-19C306AB2CD7}.Release JK2|Win32.Build.0 = Release JK2|Win32
		{9D93A1E8-B40D-A721-466F-19C306AB2CD7}.Release|Win32.ActiveCfg = Release JK2|Win32
		{9D93A1E8-B40D-A721-466F-19C306AB2CD7}.Release|Win32.Build.0 = Release JK2|Win32
		{9D93A1E8-B40D-A721-466F-19C306AB2CD7}.Template|Win32.ActiveCfg = Template|Win32
		{9D93A1E8-B40D-A721-466F-19C306AB2CD7}.Template|Win32.Build.0 = Template|Win32
		{9B26ADF0-9373-E9B6-16AA-73CC5A1CABB5}.Debug JK2|Win32.ActiveCfg = Debug|Win32
		{9B26ADF0-9373-E9B6-16AA-73CC5A1CABB5}.Debug JK2|Win32.Build.0 = Debug|Win32
		{9B26ADF0-9373-E9B6-16AA-73CC5A1CABB5}.Debug|Win32.ActiveCfg = Debug|Win32
		{9B26ADF0-9373-E9B6-16AA-73CC5A1CABB5}.Debug|Win32.Build.0 = Debug|Win32
		{9B26ADF0-9373-E9B6-16AA-73CC5A1CABB5}.Final JK2|Win32.ActiveCfg = Template|Win32
		{9B26ADF0-9373-E9B6-16AA-73CC5A1CABB5}.Final JK2|Win32.Build.0 = Template|Win32
		{9B26ADF0-9373-E9B6-16AA-73CC5A1CABB5}.Release JK2|Win32.ActiveCfg = Release|Win32
		{9B26ADF0-9373-E9B6-16AA-73CC5A1CABB5}.Release JK2|Win32.Build.0 = Release|Win32
		{9B26ADF0-9373-E9B6-16AA-73CC5A1CABB5}.Release|Win32.ActiveCfg = Release|Win32
		{9B26ADF0-9373-E9B6-16AA-73CC5A1CABB5}.Release|Win32.Build.0 = Release|Win32
		{9B26ADF0-9373-E9B6-16AA-73CC5A1CABB5}.Template|Win32.ActiveCfg = Template|Win32
		{9B26ADF0-9373-E9B6-16AA-73CC5A1CABB5}.Template|Win32.Build.0 = Template|Win32
		{9DE22CC7-0C28-4DD0-D549-FACE1BA86C33}.Debug JK2|Win32.ActiveCfg = Debug JK2|Win32
		{9DE22CC7-0C28-4DD0-D549-FACE1BA86C33}.Debug JK2|Win32.Build.0 = Debug JK2|Win32
		{9DE22CC7-0C28-4DD0-D549-FACE1BA86C33}.Debug|Win32.ActiveCfg = Debug JK2|Win32
		{9DE22CC7-0C28-4DD0-D549-FACE1BA86C33}.Debug|Win32.Build.0 = Debug JK2|Win32
		{9DE22CC7-0C28-4DD0-D549-FACE1BA86C33}.Final JK2|Win32.ActiveCfg = Final JK2|Win32
		{9DE22CC7-0C28-4DD0-D549-FACE1BA86C33}.Final JK2|Win32.Build.0 = Final JK2|Win32
		{9DE22CC7-0C28-4DD0-D549-FACE1BA86C33}.Release JK2|Win32.ActiveCfg = Release JK2|Win32
		{9DE22CC7-0C28-4DD0-D549-FACE1BA86C33}.Release JK2|Win32.Build.0 = Release JK2|Win32
		{9DE22CC7-0C28-4DD0-D549-FACE1BA86C33}.Release|Win32.ActiveCfg = Release JK2|Win32
		{9DE22CC7-0C28-4DD0-D549-FACE1BA86C33}.Release|Win32.Build.0 = Release JK2|Win32
		{9DE22CC7-0C28-4DD0-D549-FACE1BA86C33}.Template|Win32.ActiveCfg = Template|Win32
		{9DE22CC7-0C28-4DD0-D549-FACE1BA86C33}.Template|Win32.Build.0 = Template|Win32
		{CB7FC30B-F481-4F02-768F-43CD8815D75D}.Debug JK2|Win32.ActiveCfg = Debug JK2|Win32
		{CB7FC30B-F481-4F02-768F-43CD8815D75D}.Debug JK2|Win32.Build.0 = Debug JK2|Win32
		{CB7FC30B-F481-4F02-768F-43CD8815D75D}.Debug|Win32.ActiveCfg = Debug JK2|Win32
		{CB7FC30B-F481-4F02-768F-43CD8815D75D}.Debug|Win32.Build.0 = Debug JK2|Win32
		{CB7FC30B-F481-4F02-768F-43CD8815D75D}.Final JK2|Win32.ActiveCfg = Final JK2|Win32
		{CB7FC30B-F481-4F02-768F-43CD8815D75D}.Final JK2|Win32.Build.0 = Final JK2|Win32
		{CB7FC30B-F481-4F02-768F-43CD8815D75D}.Release JK2|Win32.ActiveCfg = Release JK2|Win32
		{CB7FC30B-F481-4F02-768F-43CD8815D75D}.Release JK2|Win32.Build.0 = Release JK2|Win32
		{CB7FC30B-F481-4F02-768F-43CD8815D75D}.Release|Win32.ActiveCfg = Release JK2|Win32
		{CB7FC30B-F481-4F02-768F-43CD8815D75D}.Release|Win32.Build.0 = Release JK2|Win32
		{CB7FC30B-F481-4F02-768F-43CD8815D75D}.Template|Win32.ActiveCfg = Template|Win32
		{CB7FC30B-F481-4F02-768F-43CD8815D75D}.Template|Win32.Build.0 = Template|Win32
		{C21130B6-ACAB-D78C-B13F-2F99A28F686A}.Debug JK2|Win32.ActiveCfg = Debug JK2|Win32
		{C21130B6-ACAB-D78C-B13F-2F99A28F686A}.Debug JK2|Win32.Build.0 = Debug JK2|Win32
		{C21130B6-ACAB-D78C-B13F-2F99A28F686A}.Debug|Win32.ActiveCfg = Debug JK2|Win32
		{C21130B6-ACAB-D78C-B13F-2F99A28F686A}.Debug|Win32.Build.0 = Debug JK2|Win32
		{C21130B6-ACAB-D78C-B13F-2F99A28F686A}.Final JK2|Win32.ActiveCfg = Final JK2|Win32
		{C21130B6-ACAB-D78C-B13F-2F99A28F686A}.Final JK2|Win32.Build.0 = Final JK2|Win32
		{C21130B6-ACAB-D78C-B13F-2F99A28F686A}.Release JK2|Win32.ActiveCfg = Release JK2|Win32
		{C21130B6-ACAB-D78C-B13F-2F99A28F686A}.Release JK2|Win32.Build.0 = Release JK2|Win32
		{C21130B6-ACAB-D78C-B13F-2F99A28F686A}.Release|Win32.ActiveCfg = Release JK2|Win32
		{C21130B6-ACAB-D78C-B13F-2F99A28F686A}.Release|Win32.Build.0 = Release JK2|Win32
		{C21130B6-ACAB-D78C-B13F-2F99A28F686A}.Template|Win32.ActiveCfg = Template|Win32
		{C21130B6-ACAB-D78C-B13F-2F99A28F686A}.Template|Win32.Build.0 = Template|Win32
	EndGlobalSection
	GlobalSection(SolutionProperties) = preSolution
		HideSolutionNode = FALSE
	EndGlobalSection
EndGlobal
