
Microsoft Visual Studio Solution File, Format Version 12.00
# Visual Studio Express 2012 for Windows Desktop
Project("{8BC9CEB8-8B4A-11D0-8D11-00A0C91BC942}") = "JK2cgame", "cgame\JK2_cgame.vcxproj", "{D3AA1889-116D-1407-CC71-CB11243A50E3}"
EndProject
Project("{8BC9CEB8-8B4A-11D0-8D11-00A0C91BC942}") = "JK2game", "game\JK2_game.vcxproj", "{9D93A1E8-B40D-A721-466F-19C306AB2CD7}"
EndProject
Project("{8BC9CEB8-8B4A-11D0-8D11-00A0C91BC942}") = "ui", "ui\ui.vcxproj", "{C21130B6-ACAB-D78C-B13F-2F99A28F686A}"
EndProject
Global
	GlobalSection(SolutionConfigurationPlatforms) = preSolution
		Debug|Win32 = Debug|Win32
		Release|Win32 = Release|Win32
	EndGlobalSection
	GlobalSection(ProjectConfigurationPlatforms) = postSolution
		{D3AA1889-116D-1407-CC71-CB11243A50E3}.Debug|Win32.ActiveCfg = Debug|Win32
		{D3AA1889-116D-1407-CC71-CB11243A50E3}.Debug|Win32.Build.0 = Debug|Win32
		{D3AA1889-116D-1407-CC71-CB11243A50E3}.Release|Win32.ActiveCfg = Release|Win32
		{D3AA1889-116D-1407-CC71-CB11243A50E3}.Release|Win32.Build.0 = Release|Win32
		{9D93A1E8-B40D-A721-466F-19C306AB2CD7}.Debug|Win32.ActiveCfg = Debug|Win32
		{9D93A1E8-B40D-A721-466F-19C306AB2CD7}.Debug|Win32.Build.0 = Debug|Win32
		{9D93A1E8-B40D-A721-466F-19C306AB2CD7}.Release|Win32.ActiveCfg = Release|Win32
		{9D93A1E8-B40D-A721-466F-19C306AB2CD7}.Release|Win32.Build.0 = Release|Win32
		{C21130B6-ACAB-D78C-B13F-2F99A28F686A}.Debug|Win32.ActiveCfg = Debug|Win32
		{C21130B6-ACAB-D78C-B13F-2F99A28F686A}.Debug|Win32.Build.0 = Debug|Win32
		{C21130B6-ACAB-D78C-B13F-2F99A28F686A}.Release|Win32.ActiveCfg = Release|Win32
		{C21130B6-ACAB-D78C-B13F-2F99A28F686A}.Release|Win32.Build.0 = Release|Win32
	EndGlobalSection
	GlobalSection(SolutionProperties) = preSolution
		HideSolutionNode = FALSE
	EndGlobalSection
EndGlobal
