<?xml version="1.0" encoding="utf-8"?>
<Project ToolsVersion="4.0" xmlns="http://schemas.microsoft.com/developer/msbuild/2003">
  <ItemGroup>
    <Filter Include="Header Files">
      <UniqueIdentifier>{09e96cdd-29f0-4294-b035-59e97c6e3285}</UniqueIdentifier>
      <Extensions>h;hpp;hxx;hm;inl;fi;fd</Extensions>
    </Filter>
    <Filter Include="Resource Files">
      <UniqueIdentifier>{5606355f-9863-4a67-bad1-320cbf9d24c4}</UniqueIdentifier>
      <Extensions>ico;cur;bmp;dlg;rc2;rct;bin;cnt;rtf;gif;jpg;jpeg;jpe</Extensions>
    </Filter>
    <Filter Include="Client">
      <UniqueIdentifier>{138062e2-3587-4df1-afe1-52b52828386c}</UniqueIdentifier>
    </Filter>
    <Filter Include="Common">
      <UniqueIdentifier>{d0e01771-93f2-4d1d-8bf3-17aefa1e9539}</UniqueIdentifier>
    </Filter>
    <Filter Include="Win32">
      <UniqueIdentifier>{30022add-7930-4d6a-97b7-046a17a56d68}</UniqueIdentifier>
    </Filter>
    <Filter Include="Server">
      <UniqueIdentifier>{cfeb66c3-f771-495f-be1f-129c901c8d18}</UniqueIdentifier>
    </Filter>
    <Filter Include="Sound">
      <UniqueIdentifier>{c90fe249-53bb-4375-91c5-f99a085f6f36}</UniqueIdentifier>
    </Filter>
    <Filter Include="Sound\MP3">
      <UniqueIdentifier>{06bffac6-7da2-461b-b3c0-267e9d2a133a}</UniqueIdentifier>
    </Filter>
    <Filter Include="Sound\MP3\MP3 Headers">
      <UniqueIdentifier>{0d7494c6-0780-44d2-8a60-f8ab4e0a2782}</UniqueIdentifier>
    </Filter>
    <Filter Include="Sound\EAX">
      <UniqueIdentifier>{e881176a-cc4d-450a-9071-b72b5622e0c0}</UniqueIdentifier>
    </Filter>
    <Filter Include="Sound\OpenAL">
      <UniqueIdentifier>{fec64bf4-a896-4550-99e3-6a84792bc5a2}</UniqueIdentifier>
    </Filter>
    <Filter Include="Renderer">
      <UniqueIdentifier>{a3318e03-3ae0-490f-a177-29baaf3553ab}</UniqueIdentifier>
    </Filter>
    <Filter Include="Renderer\jpeg files">
      <UniqueIdentifier>{e75d12f2-ab54-446d-a96d-469287c86d23}</UniqueIdentifier>
    </Filter>
    <Filter Include="Renderer\jpeg files\JPG Source">
      <UniqueIdentifier>{57c576ef-738f-4e7d-a89e-ee582d198e5f}</UniqueIdentifier>
    </Filter>
    <Filter Include="Renderer\jpeg files\JPG Headers">
      <UniqueIdentifier>{4cfcbe99-ff8b-45b8-8b84-b04e2b84df05}</UniqueIdentifier>
    </Filter>
    <Filter Include="Renderer\png">
      <UniqueIdentifier>{f0a41443-8867-42a8-bdb6-17304d6599a9}</UniqueIdentifier>
    </Filter>
    <Filter Include="Ghoul2">
      <UniqueIdentifier>{465b149f-d286-44c5-b6fb-a2916f0af39b}</UniqueIdentifier>
    </Filter>
    <Filter Include="zlib">
      <UniqueIdentifier>{292b41be-3b53-4168-98d5-2985699c38c7}</UniqueIdentifier>
    </Filter>
    <Filter Include="strings">
      <UniqueIdentifier>{a8b9c612-c3c3-469c-a8d6-9e8f7d68935b}</UniqueIdentifier>
    </Filter>
    <Filter Include="encryption">
      <UniqueIdentifier>{543d9bf6-4e0a-49fc-b1d4-833475b755de}</UniqueIdentifier>
    </Filter>
    <Filter Include="SmartHeap">
      <UniqueIdentifier>{7759441e-aafb-4bd8-ae34-6e95c4bf1869}</UniqueIdentifier>
    </Filter>
    <Filter Include="Debug">
      <UniqueIdentifier>{96ce1e6f-2541-4499-9437-a71fe564f564}</UniqueIdentifier>
    </Filter>
    <Filter Include="botlib">
      <UniqueIdentifier>{274ce979-e407-4f06-b8d6-4ee551addc3d}</UniqueIdentifier>
    </Filter>
  </ItemGroup>
  <ItemGroup>
    <ClInclude Include="game\anims.h">
      <Filter>Header Files</Filter>
    </ClInclude>
    <ClInclude Include="game\bg_weapons.h">
      <Filter>Header Files</Filter>
    </ClInclude>
    <ClInclude Include="game\botlib.h">
      <Filter>Header Files</Filter>
    </ClInclude>
    <ClInclude Include="qcommon\disablewarnings.h">
      <Filter>Header Files</Filter>
    </ClInclude>
    <ClInclude Include="win32\resource.h">
      <Filter>Header Files</Filter>
    </ClInclude>
    <ClInclude Include="ui\ui_public.h">
      <Filter>Header Files</Filter>
    </ClInclude>
    <ClInclude Include="client\client.h">
      <Filter>Client</Filter>
    </ClInclude>
    <ClInclude Include="client\FXExport.h">
      <Filter>Client</Filter>
    </ClInclude>
    <ClInclude Include="client\FxPrimitives.h">
      <Filter>Client</Filter>
    </ClInclude>
    <ClInclude Include="client\FxScheduler.h">
      <Filter>Client</Filter>
    </ClInclude>
    <ClInclude Include="client\FxSystem.h">
      <Filter>Client</Filter>
    </ClInclude>
    <ClInclude Include="client\FxUtil.h">
      <Filter>Client</Filter>
    </ClInclude>
    <ClInclude Include="game\bg_public.h">
      <Filter>Common</Filter>
    </ClInclude>
    <ClInclude Include="cgame\cg_public.h">
      <Filter>Common</Filter>
    </ClInclude>
    <ClInclude Include="qcommon\chash.h">
      <Filter>Common</Filter>
    </ClInclude>
    <ClInclude Include="qcommon\cm_local.h">
      <Filter>Common</Filter>
    </ClInclude>
    <ClInclude Include="qcommon\cm_patch.h">
      <Filter>Common</Filter>
    </ClInclude>
    <ClInclude Include="qcommon\cm_polylib.h">
      <Filter>Common</Filter>
    </ClInclude>
    <ClInclude Include="qcommon\cm_public.h">
      <Filter>Common</Filter>
    </ClInclude>
    <ClInclude Include="game\g_public.h">
      <Filter>Common</Filter>
    </ClInclude>
    <ClInclude Include="qcommon\game_version.h">
      <Filter>Common</Filter>
    </ClInclude>
    <ClInclude Include="qcommon\GenericParser2.h">
      <Filter>Common</Filter>
    </ClInclude>
    <ClInclude Include="qcommon\hstring.h">
      <Filter>Common</Filter>
    </ClInclude>
    <ClInclude Include="qcommon\INetProfile.h">
      <Filter>Common</Filter>
    </ClInclude>
    <ClInclude Include="ui\keycodes.h">
      <Filter>Common</Filter>
    </ClInclude>
    <ClInclude Include="client\keys.h">
      <Filter>Common</Filter>
    </ClInclude>
    <ClInclude Include="qcommon\MiniHeap.h">
      <Filter>Common</Filter>
    </ClInclude>
    <ClInclude Include="game\q_shared.h">
      <Filter>Common</Filter>
    </ClInclude>
    <ClInclude Include="qcommon\qcommon.h">
      <Filter>Common</Filter>
    </ClInclude>
    <ClInclude Include="qcommon\qfiles.h">
      <Filter>Common</Filter>
    </ClInclude>
    <ClInclude Include="renderer\qgl.h">
      <Filter>Common</Filter>
    </ClInclude>
    <ClInclude Include="qcommon\RoffSystem.h">
      <Filter>Common</Filter>
    </ClInclude>
    <ClInclude Include="qcommon\sstring.h">
      <Filter>Common</Filter>
    </ClInclude>
    <ClInclude Include="qcommon\strip.h">
      <Filter>Common</Filter>
    </ClInclude>
    <ClInclude Include="game\surfaceflags.h">
      <Filter>Common</Filter>
    </ClInclude>
    <ClInclude Include="qcommon\tags.h">
      <Filter>Common</Filter>
    </ClInclude>
    <ClInclude Include="qcommon\unzip.h">
      <Filter>Common</Filter>
    </ClInclude>
    <ClInclude Include="qcommon\vm_local.h">
      <Filter>Common</Filter>
    </ClInclude>
    <ClInclude Include="win32\win_local.h">
      <Filter>Win32</Filter>
    </ClInclude>
    <ClInclude Include="server\server.h">
      <Filter>Server</Filter>
    </ClInclude>
    <ClInclude Include="mp3code\config.h">
      <Filter>Sound\MP3\MP3 Headers</Filter>
    </ClInclude>
    <ClInclude Include="mp3code\copyright.h">
      <Filter>Sound\MP3\MP3 Headers</Filter>
    </ClInclude>
    <ClInclude Include="mp3code\htable.h">
      <Filter>Sound\MP3\MP3 Headers</Filter>
    </ClInclude>
    <ClInclude Include="mp3code\jdw.h">
      <Filter>Sound\MP3\MP3 Headers</Filter>
    </ClInclude>
    <ClInclude Include="mp3code\l3.h">
      <Filter>Sound\MP3\MP3 Headers</Filter>
    </ClInclude>
    <ClInclude Include="mp3code\mhead.h">
      <Filter>Sound\MP3\MP3 Headers</Filter>
    </ClInclude>
    <ClInclude Include="mp3code\mp3struct.h">
      <Filter>Sound\MP3\MP3 Headers</Filter>
    </ClInclude>
    <ClInclude Include="mp3code\port.h">
      <Filter>Sound\MP3\MP3 Headers</Filter>
    </ClInclude>
    <ClInclude Include="mp3code\small_header.h">
      <Filter>Sound\MP3\MP3 Headers</Filter>
    </ClInclude>
    <ClInclude Include="mp3code\tableawd.h">
      <Filter>Sound\MP3\MP3 Headers</Filter>
    </ClInclude>
    <ClInclude Include="client\eax\eax.h">
      <Filter>Sound\EAX</Filter>
    </ClInclude>
    <ClInclude Include="client\eax\EaxMan.h">
      <Filter>Sound\EAX</Filter>
    </ClInclude>
    <ClInclude Include="client\OpenAL\al.h">
      <Filter>Sound\OpenAL</Filter>
    </ClInclude>
    <ClInclude Include="client\OpenAL\alc.h">
      <Filter>Sound\OpenAL</Filter>
    </ClInclude>
    <ClInclude Include="client\OpenAL\alctypes.h">
      <Filter>Sound\OpenAL</Filter>
    </ClInclude>
    <ClInclude Include="client\OpenAL\altypes.h">
      <Filter>Sound\OpenAL</Filter>
    </ClInclude>
    <ClInclude Include="client\OpenAL\alu.h">
      <Filter>Sound\OpenAL</Filter>
    </ClInclude>
    <ClInclude Include="client\OpenAL\alut.h">
      <Filter>Sound\OpenAL</Filter>
    </ClInclude>
    <ClInclude Include="client\snd_local.h">
      <Filter>Sound</Filter>
    </ClInclude>
    <ClInclude Include="client\snd_mp3.h">
      <Filter>Sound</Filter>
    </ClInclude>
    <ClInclude Include="client\snd_public.h">
      <Filter>Sound</Filter>
    </ClInclude>
    <ClInclude Include="jpeg-6\jchuff.h">
      <Filter>Renderer\jpeg files\JPG Headers</Filter>
    </ClInclude>
    <ClInclude Include="jpeg-6\jconfig.h">
      <Filter>Renderer\jpeg files\JPG Headers</Filter>
    </ClInclude>
    <ClInclude Include="jpeg-6\jdct.h">
      <Filter>Renderer\jpeg files\JPG Headers</Filter>
    </ClInclude>
    <ClInclude Include="jpeg-6\jdhuff.h">
      <Filter>Renderer\jpeg files\JPG Headers</Filter>
    </ClInclude>
    <ClInclude Include="jpeg-6\jerror.h">
      <Filter>Renderer\jpeg files\JPG Headers</Filter>
    </ClInclude>
    <ClInclude Include="jpeg-6\jinclude.h">
      <Filter>Renderer\jpeg files\JPG Headers</Filter>
    </ClInclude>
    <ClInclude Include="jpeg-6\jmemsys.h">
      <Filter>Renderer\jpeg files\JPG Headers</Filter>
    </ClInclude>
    <ClInclude Include="jpeg-6\jmorecfg.h">
      <Filter>Renderer\jpeg files\JPG Headers</Filter>
    </ClInclude>
    <ClInclude Include="jpeg-6\jpegint.h">
      <Filter>Renderer\jpeg files\JPG Headers</Filter>
    </ClInclude>
    <ClInclude Include="jpeg-6\jpeglib.h">
      <Filter>Renderer\jpeg files\JPG Headers</Filter>
    </ClInclude>
    <ClInclude Include="jpeg-6\jversion.h">
      <Filter>Renderer\jpeg files\JPG Headers</Filter>
    </ClInclude>
    <ClInclude Include="ft2\sfdriver.h">
      <Filter>Renderer\jpeg files\JPG Headers</Filter>
    </ClInclude>
    <ClInclude Include="ft2\sfobjs.h">
      <Filter>Renderer\jpeg files\JPG Headers</Filter>
    </ClInclude>
    <ClInclude Include="ft2\ttcmap.h">
      <Filter>Renderer\jpeg files\JPG Headers</Filter>
    </ClInclude>
    <ClInclude Include="ft2\ttload.h">
      <Filter>Renderer\jpeg files\JPG Headers</Filter>
    </ClInclude>
    <ClInclude Include="ft2\ttpost.h">
      <Filter>Renderer\jpeg files\JPG Headers</Filter>
    </ClInclude>
    <ClInclude Include="ft2\ttsbit.h">
      <Filter>Renderer\jpeg files\JPG Headers</Filter>
    </ClInclude>
    <ClInclude Include="png\png.h">
      <Filter>Renderer\png</Filter>
    </ClInclude>
    <ClInclude Include="renderer\glext.h">
      <Filter>Renderer</Filter>
    </ClInclude>
    <ClInclude Include="win32\glw_win.h">
      <Filter>Renderer</Filter>
    </ClInclude>
    <ClInclude Include="renderer\matcomp.h">
      <Filter>Renderer</Filter>
    </ClInclude>
    <ClInclude Include="renderer\tr_font.h">
      <Filter>Renderer</Filter>
    </ClInclude>
    <ClInclude Include="renderer\tr_local.h">
      <Filter>Renderer</Filter>
    </ClInclude>
    <ClInclude Include="renderer\tr_public.h">
      <Filter>Renderer</Filter>
    </ClInclude>
    <ClInclude Include="renderer\tr_quicksprite.h">
      <Filter>Renderer</Filter>
    </ClInclude>
    <ClInclude Include="cgame\tr_types.h">
      <Filter>Renderer</Filter>
    </ClInclude>
    <ClInclude Include="renderer\tr_WorldEffects.h">
      <Filter>Renderer</Filter>
    </ClInclude>
    <ClInclude Include="ghoul2\G2.h">
      <Filter>Ghoul2</Filter>
    </ClInclude>
    <ClInclude Include="ghoul2\G2_gore.h">
      <Filter>Ghoul2</Filter>
    </ClInclude>
    <ClInclude Include="ghoul2\G2_local.h">
      <Filter>Ghoul2</Filter>
    </ClInclude>
    <ClInclude Include="ghoul2\ghoul2_shared.h">
      <Filter>Ghoul2</Filter>
    </ClInclude>
    <ClInclude Include="renderer\mdx_format.h">
      <Filter>Ghoul2</Filter>
    </ClInclude>
    <ClInclude Include="zlib\deflate.h">
      <Filter>zlib</Filter>
    </ClInclude>
    <ClInclude Include="zlib\infblock.h">
      <Filter>zlib</Filter>
    </ClInclude>
    <ClInclude Include="zlib\infcodes.h">
      <Filter>zlib</Filter>
    </ClInclude>
    <ClInclude Include="zlib\inffast.h">
      <Filter>zlib</Filter>
    </ClInclude>
    <ClInclude Include="zlib\inffixed.h">
      <Filter>zlib</Filter>
    </ClInclude>
    <ClInclude Include="zlib\inftrees.h">
      <Filter>zlib</Filter>
    </ClInclude>
    <ClInclude Include="zlib\infutil.h">
      <Filter>zlib</Filter>
    </ClInclude>
    <ClInclude Include="zlib\trees.h">
      <Filter>zlib</Filter>
    </ClInclude>
    <ClInclude Include="zlib\zconf.h">
      <Filter>zlib</Filter>
    </ClInclude>
    <ClInclude Include="zlib\zlib.h">
      <Filter>zlib</Filter>
    </ClInclude>
    <ClInclude Include="zlib\zutil.h">
      <Filter>zlib</Filter>
    </ClInclude>
    <ClInclude Include="strings\con_text.h">
      <Filter>strings</Filter>
    </ClInclude>
    <ClInclude Include="strings\str_server.h">
      <Filter>strings</Filter>
    </ClInclude>
    <ClInclude Include="encryption\buffer.h">
      <Filter>encryption</Filter>
    </ClInclude>
    <ClInclude Include="encryption\cpp_interface.h">
      <Filter>encryption</Filter>
    </ClInclude>
    <ClInclude Include="encryption\encryption.h">
      <Filter>encryption</Filter>
    </ClInclude>
    <ClInclude Include="encryption\sockets.h">
      <Filter>encryption</Filter>
    </ClInclude>
  </ItemGroup>
  <ItemGroup>
    <ClCompile Include="client\cl_cgame.cpp">
      <Filter>Client</Filter>
    </ClCompile>
    <ClCompile Include="client\cl_cin.cpp">
      <Filter>Client</Filter>
    </ClCompile>
    <ClCompile Include="client\cl_console.cpp">
      <Filter>Client</Filter>
    </ClCompile>
    <ClCompile Include="client\cl_input.cpp">
      <Filter>Client</Filter>
    </ClCompile>
    <ClCompile Include="client\cl_keys.cpp">
      <Filter>Client</Filter>
    </ClCompile>
    <ClCompile Include="client\cl_main.cpp">
      <Filter>Client</Filter>
    </ClCompile>
    <ClCompile Include="client\cl_net_chan.cpp">
      <Filter>Client</Filter>
    </ClCompile>
    <ClCompile Include="client\cl_parse.cpp">
      <Filter>Client</Filter>
    </ClCompile>
    <ClCompile Include="client\cl_scrn.cpp">
      <Filter>Client</Filter>
    </ClCompile>
    <ClCompile Include="client\cl_ui.cpp">
      <Filter>Client</Filter>
    </ClCompile>
    <ClCompile Include="client\FXExport.cpp">
      <Filter>Client</Filter>
    </ClCompile>
    <ClCompile Include="client\FxPrimitives.cpp">
      <Filter>Client</Filter>
    </ClCompile>
    <ClCompile Include="client\FxScheduler.cpp">
      <Filter>Client</Filter>
    </ClCompile>
    <ClCompile Include="client\FxSystem.cpp">
      <Filter>Client</Filter>
    </ClCompile>
    <ClCompile Include="client\FxTemplate.cpp">
      <Filter>Client</Filter>
    </ClCompile>
    <ClCompile Include="client\FxUtil.cpp">
      <Filter>Client</Filter>
    </ClCompile>
    <ClCompile Include="qcommon\cm_load.cpp">
      <Filter>Common</Filter>
    </ClCompile>
    <ClCompile Include="qcommon\cm_patch.cpp">
      <Filter>Common</Filter>
    </ClCompile>
    <ClCompile Include="qcommon\cm_polylib.cpp">
      <Filter>Common</Filter>
    </ClCompile>
    <ClCompile Include="qcommon\cm_test.cpp">
      <Filter>Common</Filter>
    </ClCompile>
    <ClCompile Include="qcommon\cm_trace.cpp">
      <Filter>Common</Filter>
    </ClCompile>
    <ClCompile Include="qcommon\cmd.cpp">
      <Filter>Common</Filter>
    </ClCompile>
    <ClCompile Include="qcommon\CNetProfile.cpp">
      <Filter>Common</Filter>
    </ClCompile>
    <ClCompile Include="qcommon\common.cpp">
      <Filter>Common</Filter>
    </ClCompile>
    <ClCompile Include="qcommon\cvar.cpp">
      <Filter>Common</Filter>
    </ClCompile>
    <ClCompile Include="qcommon\files.cpp">
      <Filter>Common</Filter>
    </ClCompile>
    <ClCompile Include="qcommon\GenericParser2.cpp">
      <Filter>Common</Filter>
    </ClCompile>
    <ClCompile Include="qcommon\hstring.cpp">
      <Filter>Common</Filter>
    </ClCompile>
    <ClCompile Include="qcommon\huffman.cpp">
      <Filter>Common</Filter>
    </ClCompile>
    <ClCompile Include="qcommon\md4.cpp">
      <Filter>Common</Filter>
    </ClCompile>
    <ClCompile Include="qcommon\msg.cpp">
      <Filter>Common</Filter>
    </ClCompile>
    <ClCompile Include="qcommon\net_chan.cpp">
      <Filter>Common</Filter>
    </ClCompile>
    <ClCompile Include="qcommon\q_math.cpp">
      <Filter>Common</Filter>
    </ClCompile>
    <ClCompile Include="qcommon\q_shared.cpp">
      <Filter>Common</Filter>
    </ClCompile>
    <ClCompile Include="qcommon\RoffSystem.cpp">
      <Filter>Common</Filter>
    </ClCompile>
    <ClCompile Include="qcommon\strip.cpp">
      <Filter>Common</Filter>
    </ClCompile>
    <ClCompile Include="qcommon\unzip.cpp">
      <Filter>Common</Filter>
    </ClCompile>
    <ClCompile Include="qcommon\vm.cpp">
      <Filter>Common</Filter>
    </ClCompile>
    <ClCompile Include="qcommon\vm_interpreted.cpp">
      <Filter>Common</Filter>
    </ClCompile>
    <ClCompile Include="qcommon\vm_x86.cpp">
      <Filter>Common</Filter>
    </ClCompile>
    <ClCompile Include="win32\win_input.cpp">
      <Filter>Win32</Filter>
    </ClCompile>
    <ClCompile Include="win32\win_main.cpp">
      <Filter>Win32</Filter>
    </ClCompile>
    <ClCompile Include="win32\win_net.cpp">
      <Filter>Win32</Filter>
    </ClCompile>
    <ClCompile Include="win32\win_shared.cpp">
      <Filter>Win32</Filter>
    </ClCompile>
    <ClCompile Include="win32\win_snd.cpp">
      <Filter>Win32</Filter>
    </ClCompile>
    <ClCompile Include="win32\win_syscon.cpp">
      <Filter>Win32</Filter>
    </ClCompile>
    <ClCompile Include="win32\win_wndproc.cpp">
      <Filter>Win32</Filter>
    </ClCompile>
    <ClCompile Include="server\sv_bot.cpp">
      <Filter>Server</Filter>
    </ClCompile>
    <ClCompile Include="server\sv_ccmds.cpp">
      <Filter>Server</Filter>
    </ClCompile>
    <ClCompile Include="server\sv_client.cpp">
      <Filter>Server</Filter>
    </ClCompile>
    <ClCompile Include="server\sv_game.cpp">
      <Filter>Server</Filter>
    </ClCompile>
    <ClCompile Include="server\sv_init.cpp">
      <Filter>Server</Filter>
    </ClCompile>
    <ClCompile Include="server\sv_main.cpp">
      <Filter>Server</Filter>
    </ClCompile>
    <ClCompile Include="server\sv_net_chan.cpp">
      <Filter>Server</Filter>
    </ClCompile>
    <ClCompile Include="server\sv_snapshot.cpp">
      <Filter>Server</Filter>
    </ClCompile>
    <ClCompile Include="server\sv_world.cpp">
      <Filter>Server</Filter>
    </ClCompile>
    <ClCompile Include="mp3code\cdct.c">
      <Filter>Sound\MP3</Filter>
    </ClCompile>
    <ClCompile Include="mp3code\csbt.c">
      <Filter>Sound\MP3</Filter>
    </ClCompile>
    <ClCompile Include="mp3code\csbtb.c">
      <Filter>Sound\MP3</Filter>
    </ClCompile>
    <ClCompile Include="mp3code\csbtl3.c">
      <Filter>Sound\MP3</Filter>
    </ClCompile>
    <ClCompile Include="mp3code\cup.c">
      <Filter>Sound\MP3</Filter>
    </ClCompile>
    <ClCompile Include="mp3code\cupini.c">
      <Filter>Sound\MP3</Filter>
    </ClCompile>
    <ClCompile Include="mp3code\cupl1.c">
      <Filter>Sound\MP3</Filter>
    </ClCompile>
    <ClCompile Include="mp3code\cupl3.c">
      <Filter>Sound\MP3</Filter>
    </ClCompile>
    <ClCompile Include="mp3code\cwin.c">
      <Filter>Sound\MP3</Filter>
    </ClCompile>
    <ClCompile Include="mp3code\cwinb.c">
      <Filter>Sound\MP3</Filter>
    </ClCompile>
    <ClCompile Include="mp3code\cwinm.c">
      <Filter>Sound\MP3</Filter>
    </ClCompile>
    <ClCompile Include="mp3code\hwin.c">
      <Filter>Sound\MP3</Filter>
    </ClCompile>
    <ClCompile Include="mp3code\l3dq.c">
      <Filter>Sound\MP3</Filter>
    </ClCompile>
    <ClCompile Include="mp3code\l3init.c">
      <Filter>Sound\MP3</Filter>
    </ClCompile>
    <ClCompile Include="mp3code\mdct.c">
      <Filter>Sound\MP3</Filter>
    </ClCompile>
    <ClCompile Include="mp3code\mhead.c">
      <Filter>Sound\MP3</Filter>
    </ClCompile>
    <ClCompile Include="mp3code\msis.c">
      <Filter>Sound\MP3</Filter>
    </ClCompile>
    <ClCompile Include="mp3code\towave.c">
      <Filter>Sound\MP3</Filter>
    </ClCompile>
    <ClCompile Include="mp3code\uph.c">
      <Filter>Sound\MP3</Filter>
    </ClCompile>
    <ClCompile Include="mp3code\upsf.c">
      <Filter>Sound\MP3</Filter>
    </ClCompile>
    <ClCompile Include="mp3code\wavep.c">
      <Filter>Sound\MP3</Filter>
    </ClCompile>
    <ClCompile Include="client\snd_dma.cpp">
      <Filter>Sound</Filter>
    </ClCompile>
    <ClCompile Include="client\snd_mem.cpp">
      <Filter>Sound</Filter>
    </ClCompile>
    <ClCompile Include="client\snd_mix.cpp">
      <Filter>Sound</Filter>
    </ClCompile>
    <ClCompile Include="client\snd_mp3.cpp">
      <Filter>Sound</Filter>
    </ClCompile>
    <ClCompile Include="jpeg-6\jcapimin.cpp">
      <Filter>Renderer\jpeg files\JPG Source</Filter>
    </ClCompile>
    <ClCompile Include="jpeg-6\jccoefct.cpp">
      <Filter>Renderer\jpeg files\JPG Source</Filter>
    </ClCompile>
    <ClCompile Include="jpeg-6\jccolor.cpp">
      <Filter>Renderer\jpeg files\JPG Source</Filter>
    </ClCompile>
    <ClCompile Include="jpeg-6\jcdctmgr.cpp">
      <Filter>Renderer\jpeg files\JPG Source</Filter>
    </ClCompile>
    <ClCompile Include="jpeg-6\jchuff.cpp">
      <Filter>Renderer\jpeg files\JPG Source</Filter>
    </ClCompile>
    <ClCompile Include="jpeg-6\jcinit.cpp">
      <Filter>Renderer\jpeg files\JPG Source</Filter>
    </ClCompile>
    <ClCompile Include="jpeg-6\jcmainct.cpp">
      <Filter>Renderer\jpeg files\JPG Source</Filter>
    </ClCompile>
    <ClCompile Include="jpeg-6\jcmarker.cpp">
      <Filter>Renderer\jpeg files\JPG Source</Filter>
    </ClCompile>
    <ClCompile Include="jpeg-6\jcmaster.cpp">
      <Filter>Renderer\jpeg files\JPG Source</Filter>
    </ClCompile>
    <ClCompile Include="jpeg-6\jcomapi.cpp">
      <Filter>Renderer\jpeg files\JPG Source</Filter>
    </ClCompile>
    <ClCompile Include="jpeg-6\jcparam.cpp">
      <Filter>Renderer\jpeg files\JPG Source</Filter>
    </ClCompile>
    <ClCompile Include="jpeg-6\jcphuff.cpp">
      <Filter>Renderer\jpeg files\JPG Source</Filter>
    </ClCompile>
    <ClCompile Include="jpeg-6\jcprepct.cpp">
      <Filter>Renderer\jpeg files\JPG Source</Filter>
    </ClCompile>
    <ClCompile Include="jpeg-6\jcsample.cpp">
      <Filter>Renderer\jpeg files\JPG Source</Filter>
    </ClCompile>
    <ClCompile Include="jpeg-6\jctrans.cpp">
      <Filter>Renderer\jpeg files\JPG Source</Filter>
    </ClCompile>
    <ClCompile Include="jpeg-6\jdapimin.cpp">
      <Filter>Renderer\jpeg files\JPG Source</Filter>
    </ClCompile>
    <ClCompile Include="jpeg-6\jdapistd.cpp">
      <Filter>Renderer\jpeg files\JPG Source</Filter>
    </ClCompile>
    <ClCompile Include="jpeg-6\jdatadst.cpp">
      <Filter>Renderer\jpeg files\JPG Source</Filter>
    </ClCompile>
    <ClCompile Include="jpeg-6\jdatasrc.cpp">
      <Filter>Renderer\jpeg files\JPG Source</Filter>
    </ClCompile>
    <ClCompile Include="jpeg-6\jdcoefct.cpp">
      <Filter>Renderer\jpeg files\JPG Source</Filter>
    </ClCompile>
    <ClCompile Include="jpeg-6\jdcolor.cpp">
      <Filter>Renderer\jpeg files\JPG Source</Filter>
    </ClCompile>
    <ClCompile Include="jpeg-6\jddctmgr.cpp">
      <Filter>Renderer\jpeg files\JPG Source</Filter>
    </ClCompile>
    <ClCompile Include="jpeg-6\jdhuff.cpp">
      <Filter>Renderer\jpeg files\JPG Source</Filter>
    </ClCompile>
    <ClCompile Include="jpeg-6\jdinput.cpp">
      <Filter>Renderer\jpeg files\JPG Source</Filter>
    </ClCompile>
    <ClCompile Include="jpeg-6\jdmainct.cpp">
      <Filter>Renderer\jpeg files\JPG Source</Filter>
    </ClCompile>
    <ClCompile Include="jpeg-6\jdmarker.cpp">
      <Filter>Renderer\jpeg files\JPG Source</Filter>
    </ClCompile>
    <ClCompile Include="jpeg-6\jdmaster.cpp">
      <Filter>Renderer\jpeg files\JPG Source</Filter>
    </ClCompile>
    <ClCompile Include="jpeg-6\jdpostct.cpp">
      <Filter>Renderer\jpeg files\JPG Source</Filter>
    </ClCompile>
    <ClCompile Include="jpeg-6\jdsample.cpp">
      <Filter>Renderer\jpeg files\JPG Source</Filter>
    </ClCompile>
    <ClCompile Include="jpeg-6\jdtrans.cpp">
      <Filter>Renderer\jpeg files\JPG Source</Filter>
    </ClCompile>
    <ClCompile Include="jpeg-6\jerror.cpp">
      <Filter>Renderer\jpeg files\JPG Source</Filter>
    </ClCompile>
    <ClCompile Include="jpeg-6\jfdctflt.cpp">
      <Filter>Renderer\jpeg files\JPG Source</Filter>
    </ClCompile>
    <ClCompile Include="jpeg-6\jidctflt.cpp">
      <Filter>Renderer\jpeg files\JPG Source</Filter>
    </ClCompile>
    <ClCompile Include="jpeg-6\jmemmgr.cpp">
      <Filter>Renderer\jpeg files\JPG Source</Filter>
    </ClCompile>
    <ClCompile Include="jpeg-6\jmemnobs.cpp">
      <Filter>Renderer\jpeg files\JPG Source</Filter>
    </ClCompile>
    <ClCompile Include="jpeg-6\jutils.cpp">
      <Filter>Renderer\jpeg files\JPG Source</Filter>
    </ClCompile>
    <ClCompile Include="png\png.cpp">
      <Filter>Renderer\png</Filter>
    </ClCompile>
    <ClCompile Include="renderer\matcomp.c">
      <Filter>Renderer</Filter>
    </ClCompile>
    <ClCompile Include="renderer\tr_animation.cpp">
      <Filter>Renderer</Filter>
    </ClCompile>
    <ClCompile Include="renderer\tr_backend.cpp">
      <Filter>Renderer</Filter>
    </ClCompile>
    <ClCompile Include="renderer\tr_bsp.cpp">
      <Filter>Renderer</Filter>
    </ClCompile>
    <ClCompile Include="renderer\tr_cmds.cpp">
      <Filter>Renderer</Filter>
    </ClCompile>
    <ClCompile Include="renderer\tr_curve.cpp">
      <Filter>Renderer</Filter>
    </ClCompile>
    <ClCompile Include="renderer\tr_flares.cpp">
      <Filter>Renderer</Filter>
    </ClCompile>
    <ClCompile Include="renderer\tr_font.cpp">
      <Filter>Renderer</Filter>
    </ClCompile>
    <ClCompile Include="renderer\tr_ghoul2.cpp">
      <Filter>Renderer</Filter>
    </ClCompile>
    <ClCompile Include="renderer\tr_image.cpp">
      <Filter>Renderer</Filter>
    </ClCompile>
    <ClCompile Include="renderer\tr_init.cpp">
      <Filter>Renderer</Filter>
    </ClCompile>
    <ClCompile Include="renderer\tr_light.cpp">
      <Filter>Renderer</Filter>
    </ClCompile>
    <ClCompile Include="renderer\tr_main.cpp">
      <Filter>Renderer</Filter>
    </ClCompile>
    <ClCompile Include="renderer\tr_marks.cpp">
      <Filter>Renderer</Filter>
    </ClCompile>
    <ClCompile Include="renderer\tr_mesh.cpp">
      <Filter>Renderer</Filter>
    </ClCompile>
    <ClCompile Include="renderer\tr_model.cpp">
      <Filter>Renderer</Filter>
    </ClCompile>
    <ClCompile Include="renderer\tr_noise.cpp">
      <Filter>Renderer</Filter>
    </ClCompile>
    <ClCompile Include="renderer\tr_quicksprite.cpp">
      <Filter>Renderer</Filter>
    </ClCompile>
    <ClCompile Include="renderer\tr_scene.cpp">
      <Filter>Renderer</Filter>
    </ClCompile>
    <ClCompile Include="renderer\tr_shade.cpp">
      <Filter>Renderer</Filter>
    </ClCompile>
    <ClCompile Include="renderer\tr_shade_calc.cpp">
      <Filter>Renderer</Filter>
    </ClCompile>
    <ClCompile Include="renderer\tr_shader.cpp">
      <Filter>Renderer</Filter>
    </ClCompile>
    <ClCompile Include="renderer\tr_shadows.cpp">
      <Filter>Renderer</Filter>
    </ClCompile>
    <ClCompile Include="renderer\tr_sky.cpp">
      <Filter>Renderer</Filter>
    </ClCompile>
    <ClCompile Include="renderer\tr_surface.cpp">
      <Filter>Renderer</Filter>
    </ClCompile>
    <ClCompile Include="renderer\tr_surfacesprites.cpp">
      <Filter>Renderer</Filter>
    </ClCompile>
    <ClCompile Include="renderer\tr_world.cpp">
      <Filter>Renderer</Filter>
    </ClCompile>
    <ClCompile Include="renderer\tr_WorldEffects.cpp">
      <Filter>Renderer</Filter>
    </ClCompile>
    <ClCompile Include="win32\win_gamma.cpp">
      <Filter>Renderer</Filter>
    </ClCompile>
    <ClCompile Include="win32\win_glimp.cpp">
      <Filter>Renderer</Filter>
    </ClCompile>
    <ClCompile Include="win32\win_qgl.cpp">
      <Filter>Renderer</Filter>
    </ClCompile>
    <ClCompile Include="ghoul2\G2_API.cpp">
      <Filter>Ghoul2</Filter>
    </ClCompile>
    <ClCompile Include="ghoul2\G2_bolts.cpp">
      <Filter>Ghoul2</Filter>
    </ClCompile>
    <ClCompile Include="ghoul2\G2_bones.cpp">
      <Filter>Ghoul2</Filter>
    </ClCompile>
    <ClCompile Include="ghoul2\G2_misc.cpp">
      <Filter>Ghoul2</Filter>
    </ClCompile>
    <ClCompile Include="ghoul2\G2_surfaces.cpp">
      <Filter>Ghoul2</Filter>
    </ClCompile>
    <ClCompile Include="zlib\adler32.c">
      <Filter>zlib</Filter>
    </ClCompile>
    <ClCompile Include="zlib\crc32.cpp">
      <Filter>zlib</Filter>
    </ClCompile>
    <ClCompile Include="zlib\deflate.c">
      <Filter>zlib</Filter>
    </ClCompile>
    <ClCompile Include="zlib\infblock.c">
      <Filter>zlib</Filter>
    </ClCompile>
    <ClCompile Include="zlib\infcodes.c">
      <Filter>zlib</Filter>
    </ClCompile>
    <ClCompile Include="zlib\inffast.c">
      <Filter>zlib</Filter>
    </ClCompile>
    <ClCompile Include="zlib\inflate.c">
      <Filter>zlib</Filter>
    </ClCompile>
    <ClCompile Include="zlib\inftrees.c">
      <Filter>zlib</Filter>
    </ClCompile>
    <ClCompile Include="zlib\infutil.c">
      <Filter>zlib</Filter>
    </ClCompile>
    <ClCompile Include="zlib\trees.c">
      <Filter>zlib</Filter>
    </ClCompile>
    <ClCompile Include="zlib\zutil.c">
      <Filter>zlib</Filter>
    </ClCompile>
    <ClCompile Include="encryption\buffer.cpp">
      <Filter>encryption</Filter>
    </ClCompile>
    <ClCompile Include="encryption\cpp_interface.cpp">
      <Filter>encryption</Filter>
    </ClCompile>
    <ClCompile Include="encryption\sockets.cpp">
      <Filter>encryption</Filter>
    </ClCompile>
    <ClCompile Include="botlib\be_aas_bspq3.cpp">
      <Filter>botlib</Filter>
    </ClCompile>
    <ClCompile Include="botlib\be_aas_cluster.cpp">
      <Filter>botlib</Filter>
    </ClCompile>
    <ClCompile Include="botlib\be_aas_debug.cpp">
      <Filter>botlib</Filter>
    </ClCompile>
    <ClCompile Include="botlib\be_aas_entity.cpp">
      <Filter>botlib</Filter>
    </ClCompile>
    <ClCompile Include="botlib\be_aas_file.cpp">
      <Filter>botlib</Filter>
    </ClCompile>
    <ClCompile Include="botlib\be_aas_main.cpp">
      <Filter>botlib</Filter>
    </ClCompile>
    <ClCompile Include="botlib\be_aas_move.cpp">
      <Filter>botlib</Filter>
    </ClCompile>
    <ClCompile Include="botlib\be_aas_optimize.cpp">
      <Filter>botlib</Filter>
    </ClCompile>
    <ClCompile Include="botlib\be_aas_reach.cpp">
      <Filter>botlib</Filter>
    </ClCompile>
    <ClCompile Include="botlib\be_aas_route.cpp">
      <Filter>botlib</Filter>
    </ClCompile>
    <ClCompile Include="botlib\be_aas_routealt.cpp">
      <Filter>botlib</Filter>
    </ClCompile>
    <ClCompile Include="botlib\be_aas_sample.cpp">
      <Filter>botlib</Filter>
    </ClCompile>
    <ClCompile Include="botlib\be_ai_char.cpp">
      <Filter>botlib</Filter>
    </ClCompile>
    <ClCompile Include="botlib\be_ai_chat.cpp">
      <Filter>botlib</Filter>
    </ClCompile>
    <ClCompile Include="botlib\be_ai_gen.cpp">
      <Filter>botlib</Filter>
    </ClCompile>
    <ClCompile Include="botlib\be_ai_goal.cpp">
      <Filter>botlib</Filter>
    </ClCompile>
    <ClCompile Include="botlib\be_ai_move.cpp">
      <Filter>botlib</Filter>
    </ClCompile>
    <ClCompile Include="botlib\be_ai_weap.cpp">
      <Filter>botlib</Filter>
    </ClCompile>
    <ClCompile Include="botlib\be_ai_weight.cpp">
      <Filter>botlib</Filter>
    </ClCompile>
    <ClCompile Include="botlib\be_ea.cpp">
      <Filter>botlib</Filter>
    </ClCompile>
    <ClCompile Include="botlib\be_interface.cpp">
      <Filter>botlib</Filter>
    </ClCompile>
    <ClCompile Include="botlib\l_crc.cpp">
      <Filter>botlib</Filter>
    </ClCompile>
    <ClCompile Include="botlib\l_libvar.cpp">
      <Filter>botlib</Filter>
    </ClCompile>
    <ClCompile Include="botlib\l_log.cpp">
      <Filter>botlib</Filter>
    </ClCompile>
    <ClCompile Include="botlib\l_memory.cpp">
      <Filter>botlib</Filter>
    </ClCompile>
    <ClCompile Include="botlib\l_precomp.cpp">
      <Filter>botlib</Filter>
    </ClCompile>
    <ClCompile Include="botlib\l_script.cpp">
      <Filter>botlib</Filter>
    </ClCompile>
    <ClCompile Include="botlib\l_struct.cpp">
      <Filter>botlib</Filter>
    </ClCompile>
  </ItemGroup>
  <ItemGroup>
    <CustomBuild Include="win32\qe3.ico">
      <Filter>Resource Files</Filter>
    </CustomBuild>
  </ItemGroup>
  <ItemGroup>
    <ResourceCompile Include="win32\winquake.rc">
      <Filter>Resource Files</Filter>
    </ResourceCompile>
  </ItemGroup>
</Project>