
Microsoft Visual Studio Solution File, Format Version 11.00
# Visual C++ Express 2010
Project("{8BC9CEB8-8B4A-11D0-8D11-00A0C91BC942}") = "cmdlib", "cmdlib.vcxproj", "{619BF3AE-5827-78F2-0479-22896D5D3A18}"
EndProject
Global
	GlobalSection(SolutionConfigurationPlatforms) = preSolution
		Debug|Win32 = Debug|Win32
		Release|Win32 = Release|Win32
		Template|Win32 = Template|Win32
	EndGlobalSection
	GlobalSection(ProjectConfigurationPlatforms) = postSolution
		{619BF3AE-5827-78F2-0479-22896D5D3A18}.Debug|Win32.ActiveCfg = Debug|Win32
		{619BF3AE-5827-78F2-0479-22896D5D3A18}.Debug|Win32.Build.0 = Debug|Win32
		{619BF3AE-5827-78F2-0479-22896D5D3A18}.Release|Win32.ActiveCfg = Release|Win32
		{619BF3AE-5827-78F2-0479-22896D5D3A18}.Release|Win32.Build.0 = Release|Win32
		{619BF3AE-5827-78F2-0479-22896D5D3A18}.Template|Win32.ActiveCfg = Template|Win32
		{619BF3AE-5827-78F2-0479-22896D5D3A18}.Template|Win32.Build.0 = Template|Win32
	EndGlobalSection
	GlobalSection(SolutionProperties) = preSolution
		HideSolutionNode = FALSE
	EndGlobalSection
EndGlobal
